
Microsoft Visual Studio Solution File, Format Version 12.00
# Visual Studio Version 17
VisualStudioVersion = 17.11.35219.272
MinimumVisualStudioVersion = 10.0.40219.1
Project("{9A19103F-16F7-4668-BE54-9A1E7A4F7556}") = "AuthenticationApi.Application", "AuthenticationApi.Application\AuthenticationApi.Application.csproj", "{C8E4E381-BE0A-4814-8647-A62C72B58527}"
EndProject
Project("{9A19103F-16F7-4668-BE54-9A1E7A4F7556}") = "AuthenticationApi.Domain", "AuthenticationApi.Domain\AuthenticationApi.Domain.csproj", "{23ED6AB0-0CA1-49DA-9E63-566944FE4E87}"
EndProject
Project("{9A19103F-16F7-4668-BE54-9A1E7A4F7556}") = "AuthenticationApi.Infrastructure", "AuthenticationApi.Infrastructure\AuthenticationApi.Infrastructure.csproj", "{7B76A156-DAEB-4DDF-809C-21A2F9584895}"
EndProject
Project("{9A19103F-16F7-4668-BE54-9A1E7A4F7556}") = "AuthenticationApi.Presentation", "AuthenticationApi.Presentation\AuthenticationApi.Presentation.csproj", "{75925EFD-8B76-4897-A083-05A12E646F46}"
EndProject
Project("{2150E333-8FDC-42A3-9474-1A3956D46DE8}") = "Solution Items", "Solution Items", "{15661503-E3FF-4AF0-83DB-4CCF2FA37746}"
	ProjectSection(SolutionItems) = preProject
		.editorconfig = .editorconfig
	EndProjectSection
EndProject
Project("{9A19103F-16F7-4668-BE54-9A1E7A4F7556}") = "ECommerce.SharedLibrary", "..\ECommerceMicroservice.SharedLibrarySolution\ECommerce.SharedLibrary\ECommerce.SharedLibrary.csproj", "{D20F57F4-C05C-44F5-8003-84EACC065B35}"
EndProject
Global
	GlobalSection(SolutionConfigurationPlatforms) = preSolution
		Debug|Any CPU = Debug|Any CPU
		Release|Any CPU = Release|Any CPU
	EndGlobalSection
	GlobalSection(ProjectConfigurationPlatforms) = postSolution
		{C8E4E381-BE0A-4814-8647-A62C72B58527}.Debug|Any CPU.ActiveCfg = Debug|Any CPU
		{C8E4E381-BE0A-4814-8647-A62C72B58527}.Debug|Any CPU.Build.0 = Debug|Any CPU
		{C8E4E381-BE0A-4814-8647-A62C72B58527}.Release|Any CPU.ActiveCfg = Release|Any CPU
		{C8E4E381-BE0A-4814-8647-A62C72B58527}.Release|Any CPU.Build.0 = Release|Any CPU
		{23ED6AB0-0CA1-49DA-9E63-566944FE4E87}.Debug|Any CPU.ActiveCfg = Debug|Any CPU
		{23ED6AB0-0CA1-49DA-9E63-566944FE4E87}.Debug|Any CPU.Build.0 = Debug|Any CPU
		{23ED6AB0-0CA1-49DA-9E63-566944FE4E87}.Release|Any CPU.ActiveCfg = Release|Any CPU
		{23ED6AB0-0CA1-49DA-9E63-566944FE4E87}.Release|Any CPU.Build.0 = Release|Any CPU
		{7B76A156-DAEB-4DDF-809C-21A2F9584895}.Debug|Any CPU.ActiveCfg = Debug|Any CPU
		{7B76A156-DAEB-4DDF-809C-21A2F9584895}.Debug|Any CPU.Build.0 = Debug|Any CPU
		{7B76A156-DAEB-4DDF-809C-21A2F9584895}.Release|Any CPU.ActiveCfg = Release|Any CPU
		{7B76A156-DAEB-4DDF-809C-21A2F9584895}.Release|Any CPU.Build.0 = Release|Any CPU
		{75925EFD-8B76-4897-A083-05A12E646F46}.Debug|Any CPU.ActiveCfg = Debug|Any CPU
		{75925EFD-8B76-4897-A083-05A12E646F46}.Debug|Any CPU.Build.0 = Debug|Any CPU
		{75925EFD-8B76-4897-A083-05A12E646F46}.Release|Any CPU.ActiveCfg = Release|Any CPU
		{75925EFD-8B76-4897-A083-05A12E646F46}.Release|Any CPU.Build.0 = Release|Any CPU
		{D20F57F4-C05C-44F5-8003-84EACC065B35}.Debug|Any CPU.ActiveCfg = Debug|Any CPU
		{D20F57F4-C05C-44F5-8003-84EACC065B35}.Debug|Any CPU.Build.0 = Debug|Any CPU
		{D20F57F4-C05C-44F5-8003-84EACC065B35}.Release|Any CPU.ActiveCfg = Release|Any CPU
		{D20F57F4-C05C-44F5-8003-84EACC065B35}.Release|Any CPU.Build.0 = Release|Any CPU
	EndGlobalSection
	GlobalSection(SolutionProperties) = preSolution
		HideSolutionNode = FALSE
	EndGlobalSection
	GlobalSection(ExtensibilityGlobals) = postSolution
		SolutionGuid = {36F168C1-9959-4968-B5F4-DBCFFA9575BB}
	EndGlobalSection
EndGlobal
